
Microsoft Visual Studio Solution File, Format Version 12.00
# Visual Studio Version 17
VisualStudioVersion = 17.14.36327.8 d17.14
MinimumVisualStudioVersion = 10.0.40219.1
Project("{FAE04EC0-301F-11D3-BF4B-00C04F79EFBC}") = "ProjetoElp4Paises", "ProjetoElp4Paises\ProjetoElp4Paises.csproj", "{B984C992-E074-4DE3-A4E8-D6C42A99D3A5}"
EndProject
Global
	GlobalSection(SolutionConfigurationPlatforms) = preSolution
		Debug|Any CPU = Debug|Any CPU
		Release|Any CPU = Release|Any CPU
	EndGlobalSection
	GlobalSection(ProjectConfigurationPlatforms) = postSolution
		{B984C992-E074-4DE3-A4E8-D6C42A99D3A5}.Debug|Any CPU.ActiveCfg = Debug|Any CPU
		{B984C992-E074-4DE3-A4E8-D6C42A99D3A5}.Debug|Any CPU.Build.0 = Debug|Any CPU
		{B984C992-E074-4DE3-A4E8-D6C42A99D3A5}.Release|Any CPU.ActiveCfg = Release|Any CPU
		{B984C992-E074-4DE3-A4E8-D6C42A99D3A5}.Release|Any CPU.Build.0 = Release|Any CPU
	EndGlobalSection
	GlobalSection(SolutionProperties) = preSolution
		HideSolutionNode = FALSE
	EndGlobalSection
	GlobalSection(ExtensibilityGlobals) = postSolution
		SolutionGuid = {3EB3FF47-7340-4695-8F7C-2053F61133D1}
	EndGlobalSection
EndGlobal
